<?xml version='1.0' encoding='UTF-8'?>
<Scheme LastUpgradeVersion="2600" version="1.3">
   <BuildAction parallelizeBuildables="NO" buildImplicitDependencies="YES">
      <BuildActionEntries>
         <BuildActionEntry buildForTesting="YES" buildForRunning="YES" buildForProfiling="YES" buildForArchiving="YES" buildForAnalyzing="YES">
            <BuildableReference BuildableIdentifier="primary" BlueprintIdentifier="A975D58B2140586700D4834F" BuildableName="MoltenVK-macOS" BlueprintName="MoltenVK-macOS" ReferencedContainer="container:MoltenVKPackaging.xcodeproj" />
         </BuildActionEntry>
         <BuildActionEntry buildForTesting="YES" buildForRunning="YES" buildForProfiling="YES" buildForArchiving="YES" buildForAnalyzing="YES">
            <BuildableReference BuildableIdentifier="primary" BlueprintIdentifier="A10000000000000000000001" BuildableName="MoltenVKProbe" BlueprintName="MoltenVKProbe" ReferencedContainer="container:Development/MoltenVKProbe.xcodeproj" />
         </BuildActionEntry>
      </BuildActionEntries>
   </BuildAction>
   <TestAction buildConfiguration="Debug" selectedDebuggerIdentifier="Xcode.DebuggerFoundation.Debugger.LLDB" selectedLauncherIdentifier="Xcode.DebuggerFoundation.Launcher.LLDB" shouldUseLaunchSchemeArgsEnv="YES" />
   <LaunchAction buildConfiguration="Debug" selectedDebuggerIdentifier="Xcode.DebuggerFoundation.Debugger.LLDB" selectedLauncherIdentifier="Xcode.DebuggerFoundation.Launcher.LLDB" launchStyle="0" useCustomWorkingDirectory="NO" ignoresPersistentStateOnLaunch="NO" debugDocumentVersioning="YES" debugServiceExtension="internal" allowLocationSimulation="NO">
      <BuildableProductRunnable runnableDebuggingMode="0">
         <BuildableReference BuildableIdentifier="primary" BlueprintIdentifier="A10000000000000000000001" BuildableName="MoltenVKProbe" BlueprintName="MoltenVKProbe" ReferencedContainer="container:Development/MoltenVKProbe.xcodeproj" />
      </BuildableProductRunnable>
      <EnvironmentVariables>
         <EnvironmentVariable key="MOLTENVK_PROBE_LIBRARY" value="$(BUILT_PRODUCTS_DIR)/libMoltenVK.dylib" isEnabled="YES" />
      </EnvironmentVariables>
   </LaunchAction>
   <ProfileAction buildConfiguration="Release" shouldUseLaunchSchemeArgsEnv="YES" savedToolIdentifier="" useCustomWorkingDirectory="NO" debugDocumentVersioning="YES">
      <BuildableProductRunnable runnableDebuggingMode="0">
         <BuildableReference BuildableIdentifier="primary" BlueprintIdentifier="A10000000000000000000001" BuildableName="MoltenVKProbe" BlueprintName="MoltenVKProbe" ReferencedContainer="container:Development/MoltenVKProbe.xcodeproj" />
      </BuildableProductRunnable>
   </ProfileAction>
   <AnalyzeAction buildConfiguration="Debug" />
   <ArchiveAction buildConfiguration="Release" revealArchiveInOrganizer="YES" />
</Scheme>